
Microsoft Visual Studio Solution File, Format Version 12.00
# Visual Studio Version 16
VisualStudioVersion = 16.0.29613.14
MinimumVisualStudioVersion = 10.0.40219.1
Project("{FAE04EC0-301F-11D3-BF4B-00C04F79EFBC}") = "IndiviualLabA", "IndiviualLabA\IndiviualLabA.csproj", "{0FAAF5C3-1E4F-4A04-98AE-483B93E8CF22}"
EndProject
Global
	GlobalSection(SolutionConfigurationPlatforms) = preSolution
		Debug|Any CPU = Debug|Any CPU
		Release|Any CPU = Release|Any CPU
	EndGlobalSection
	GlobalSection(ProjectConfigurationPlatforms) = postSolution
		{0FAAF5C3-1E4F-4A04-98AE-483B93E8CF22}.Debug|Any CPU.ActiveCfg = Debug|Any CPU
		{0FAAF5C3-1E4F-4A04-98AE-483B93E8CF22}.Debug|Any CPU.Build.0 = Debug|Any CPU
		{0FAAF5C3-1E4F-4A04-98AE-483B93E8CF22}.Release|Any CPU.ActiveCfg = Release|Any CPU
		{0FAAF5C3-1E4F-4A04-98AE-483B93E8CF22}.Release|Any CPU.Build.0 = Release|Any CPU
	EndGlobalSection
	GlobalSection(SolutionProperties) = preSolution
		HideSolutionNode = FALSE
	EndGlobalSection
	GlobalSection(ExtensibilityGlobals) = postSolution
		SolutionGuid = {A71B4B8E-AB47-4385-B0F4-22A07ECE7F7E}
	EndGlobalSection
EndGlobal
